
Microsoft Visual Studio Solution File, Format Version 12.00
# Visual Studio 14
VisualStudioVersion = 14.0.25123.0
MinimumVisualStudioVersion = 10.0.40219.1
Project("{2150E333-8FDC-42A3-9474-1A3956D46DE8}") = "RecursiveFunction", "RecursiveFunction", "{78F921D3-14C2-4E41-BDCE-1FEB86CE9A1A}"
EndProject
Project("{2150E333-8FDC-42A3-9474-1A3956D46DE8}") = "Html", "Html", "{40E26890-9B21-4CA8-8A56-8D50A33FEE29}"
	ProjectSection(SolutionItems) = preProject
		HTMLPage1.html = HTMLPage1.html
	EndProjectSection
EndProject
Project("{2150E333-8FDC-42A3-9474-1A3956D46DE8}") = "SQLScripts", "SQLScripts", "{273F9E48-A971-41DE-BD06-5EB5F0DFDDB0}"
	ProjectSection(SolutionItems) = preProject
		ContactDetails.sql = ContactDetails.sql
	EndProjectSection
EndProject
Project("{FAE04EC0-301F-11D3-BF4B-00C04F79EFBC}") = "RecursiveFunction", "1 RecursiveFunction\RecursiveFunction\RecursiveFunction.csproj", "{BC4E133D-5918-4755-AE81-9A99CADDCE7A}"
EndProject
Global
	GlobalSection(SolutionConfigurationPlatforms) = preSolution
		Debug|Any CPU = Debug|Any CPU
		Release|Any CPU = Release|Any CPU
	EndGlobalSection
	GlobalSection(ProjectConfigurationPlatforms) = postSolution
		{BC4E133D-5918-4755-AE81-9A99CADDCE7A}.Debug|Any CPU.ActiveCfg = Debug|Any CPU
		{BC4E133D-5918-4755-AE81-9A99CADDCE7A}.Debug|Any CPU.Build.0 = Debug|Any CPU
		{BC4E133D-5918-4755-AE81-9A99CADDCE7A}.Release|Any CPU.ActiveCfg = Release|Any CPU
		{BC4E133D-5918-4755-AE81-9A99CADDCE7A}.Release|Any CPU.Build.0 = Release|Any CPU
	EndGlobalSection
	GlobalSection(SolutionProperties) = preSolution
		HideSolutionNode = FALSE
	EndGlobalSection
	GlobalSection(NestedProjects) = preSolution
		{BC4E133D-5918-4755-AE81-9A99CADDCE7A} = {78F921D3-14C2-4E41-BDCE-1FEB86CE9A1A}
	EndGlobalSection
EndGlobal
